
Microsoft Visual Studio Solution File, Format Version 12.00
# Visual Studio Version 16
VisualStudioVersion = 16.0.810.25
MinimumVisualStudioVersion = 10.0.40219.1
Project("{FAE04EC0-301F-11D3-BF4B-00C04F79EFBC}") = "Obligatorio_1", "Obligatorio_1\Obligatorio_1.csproj", "{167AD98F-31C4-4583-AB67-27552DB30F20}"
EndProject
Project("{FAE04EC0-301F-11D3-BF4B-00C04F79EFBC}") = "BibliotecaDeClases", "BibliotecaDeClases\BibliotecaDeClases.csproj", "{4D7576CD-1450-4938-91D0-64C688700341}"
EndProject
Global
	GlobalSection(SolutionConfigurationPlatforms) = preSolution
		Debug|Any CPU = Debug|Any CPU
		Release|Any CPU = Release|Any CPU
	EndGlobalSection
	GlobalSection(ProjectConfigurationPlatforms) = postSolution
		{167AD98F-31C4-4583-AB67-27552DB30F20}.Debug|Any CPU.ActiveCfg = Debug|Any CPU
		{167AD98F-31C4-4583-AB67-27552DB30F20}.Debug|Any CPU.Build.0 = Debug|Any CPU
		{167AD98F-31C4-4583-AB67-27552DB30F20}.Release|Any CPU.ActiveCfg = Release|Any CPU
		{167AD98F-31C4-4583-AB67-27552DB30F20}.Release|Any CPU.Build.0 = Release|Any CPU
		{4D7576CD-1450-4938-91D0-64C688700341}.Debug|Any CPU.ActiveCfg = Debug|Any CPU
		{4D7576CD-1450-4938-91D0-64C688700341}.Debug|Any CPU.Build.0 = Debug|Any CPU
		{4D7576CD-1450-4938-91D0-64C688700341}.Release|Any CPU.ActiveCfg = Release|Any CPU
		{4D7576CD-1450-4938-91D0-64C688700341}.Release|Any CPU.Build.0 = Release|Any CPU
	EndGlobalSection
	GlobalSection(SolutionProperties) = preSolution
		HideSolutionNode = FALSE
	EndGlobalSection
	GlobalSection(ExtensibilityGlobals) = postSolution
		SolutionGuid = {10028568-5430-421C-B753-D571A542D624}
	EndGlobalSection
EndGlobal
